// !$*UTF8*$!
{
	archiveVersion = 1;
	classes = {
	};
	objectVersion = 50;
	objects = {

/* Begin PBXBuildFile section */
		5B4808BD2617070600B3FEF9 /* ArticleRowView.swift in Sources */ = {isa = PBXBuildFile; fileRef = 5B4808BC2617070600B3FEF9 /* ArticleRowView.swift */; };
		5B4808C1261714C100B3FEF9 /* ArticlesView.swift in Sources */ = {isa = PBXBuildFile; fileRef = 5B4808C0261714C100B3FEF9 /* ArticlesView.swift */; };
		5BF1DD4325498A5300B6182E /* AppDelegate.swift in Sources */ = {isa = PBXBuildFile; fileRef = 5BF1DD4225498A5300B6182E /* AppDelegate.swift */; };
		5BF1DD4525498A5300B6182E /* SceneDelegate.swift in Sources */ = {isa = PBXBuildFile; fileRef = 5BF1DD4425498A5300B6182E /* SceneDelegate.swift */; };
		5BF1DD4725498A5300B6182E /* MainViewController.swift in Sources */ = {isa = PBXBuildFile; fileRef = 5BF1DD4625498A5300B6182E /* MainViewController.swift */; };
		5BF1DD4A25498A5300B6182E /* Main.storyboard in Resources */ = {isa = PBXBuildFile; fileRef = 5BF1DD4825498A5300B6182E /* Main.storyboard */; };
		5BF1DD4C25498A5900B6182E /* Assets.xcassets in Resources */ = {isa = PBXBuildFile; fileRef = 5BF1DD4B25498A5900B6182E /* Assets.xcassets */; };
		5BF1DD4F25498A5900B6182E /* LaunchScreen.storyboard in Resources */ = {isa = PBXBuildFile; fileRef = 5BF1DD4D25498A5900B6182E /* LaunchScreen.storyboard */; };
		5BF1DD5925498BFA00B6182E /* ArticlesViewController.swift in Sources */ = {isa = PBXBuildFile; fileRef = 5BF1DD5825498BFA00B6182E /* ArticlesViewController.swift */; };
		5BF1DD5F25498DC700B6182E /* Article.swift in Sources */ = {isa = PBXBuildFile; fileRef = 5BF1DD5E25498DC700B6182E /* Article.swift */; };
		5BF1DD652549AAE700B6182E /* ArticleCollectionViewCell.swift in Sources */ = {isa = PBXBuildFile; fileRef = 5BF1DD642549AAE700B6182E /* ArticleCollectionViewCell.swift */; };
/* End PBXBuildFile section */

/* Begin PBXFileReference section */
		5B4808BC2617070600B3FEF9 /* ArticleRowView.swift */ = {isa = PBXFileReference; lastKnownFileType = sourcecode.swift; path = ArticleRowView.swift; sourceTree = "<group>"; };
		5B4808C0261714C100B3FEF9 /* ArticlesView.swift */ = {isa = PBXFileReference; lastKnownFileType = sourcecode.swift; path = ArticlesView.swift; sourceTree = "<group>"; };
		5BF1DD3F25498A5300B6182E /* CultureTrip.app */ = {isa = PBXFileReference; explicitFileType = wrapper.application; includeInIndex = 0; path = CultureTrip.app; sourceTree = BUILT_PRODUCTS_DIR; };
		5BF1DD4225498A5300B6182E /* AppDelegate.swift */ = {isa = PBXFileReference; lastKnownFileType = sourcecode.swift; path = AppDelegate.swift; sourceTree = "<group>"; };
		5BF1DD4425498A5300B6182E /* SceneDelegate.swift */ = {isa = PBXFileReference; lastKnownFileType = sourcecode.swift; path = SceneDelegate.swift; sourceTree = "<group>"; };
		5BF1DD4625498A5300B6182E /* MainViewController.swift */ = {isa = PBXFileReference; lastKnownFileType = sourcecode.swift; path = MainViewController.swift; sourceTree = "<group>"; };
		5BF1DD4925498A5300B6182E /* Base */ = {isa = PBXFileReference; lastKnownFileType = file.storyboard; name = Base; path = Base.lproj/Main.storyboard; sourceTree = "<group>"; };
		5BF1DD4B25498A5900B6182E /* Assets.xcassets */ = {isa = PBXFileReference; lastKnownFileType = folder.assetcatalog; path = Assets.xcassets; sourceTree = "<group>"; };
		5BF1DD4E25498A5900B6182E /* Base */ = {isa = PBXFileReference; lastKnownFileType = file.storyboard; name = Base; path = Base.lproj/LaunchScreen.storyboard; sourceTree = "<group>"; };
		5BF1DD5025498A5900B6182E /* Info.plist */ = {isa = PBXFileReference; lastKnownFileType = text.plist.xml; path = Info.plist; sourceTree = "<group>"; };
		5BF1DD5825498BFA00B6182E /* ArticlesViewController.swift */ = {isa = PBXFileReference; lastKnownFileType = sourcecode.swift; path = ArticlesViewController.swift; sourceTree = "<group>"; };
		5BF1DD5E25498DC700B6182E /* Article.swift */ = {isa = PBXFileReference; lastKnownFileType = sourcecode.swift; path = Article.swift; sourceTree = "<group>"; };
		5BF1DD642549AAE700B6182E /* ArticleCollectionViewCell.swift */ = {isa = PBXFileReference; lastKnownFileType = sourcecode.swift; path = ArticleCollectionViewCell.swift; sourceTree = "<group>"; };
/* End PBXFileReference section */

/* Begin PBXFrameworksBuildPhase section */
		5BF1DD3C25498A5300B6182E /* Frameworks */ = {
			isa = PBXFrameworksBuildPhase;
			buildActionMask = 2147483647;
			files = (
			);
			runOnlyForDeploymentPostprocessing = 0;
		};
/* End PBXFrameworksBuildPhase section */

/* Begin PBXGroup section */
		5BF1DD3625498A5300B6182E = {
			isa = PBXGroup;
			children = (
				5BF1DD4125498A5300B6182E /* CultureTrip */,
				5BF1DD4025498A5300B6182E /* Products */,
			);
			sourceTree = "<group>";
		};
		5BF1DD4025498A5300B6182E /* Products */ = {
			isa = PBXGroup;
			children = (
				5BF1DD3F25498A5300B6182E /* CultureTrip.app */,
			);
			name = Products;
			sourceTree = "<group>";
		};
		5BF1DD4125498A5300B6182E /* CultureTrip */ = {
			isa = PBXGroup;
			children = (
				5BF1DD4225498A5300B6182E /* AppDelegate.swift */,
				5BF1DD4425498A5300B6182E /* SceneDelegate.swift */,
				5BF1DD5E25498DC700B6182E /* Article.swift */,
				5BF1DD4625498A5300B6182E /* MainViewController.swift */,
				5BF1DD5825498BFA00B6182E /* ArticlesViewController.swift */,
				5BF1DD642549AAE700B6182E /* ArticleCollectionViewCell.swift */,
				5B4808C0261714C100B3FEF9 /* ArticlesView.swift */,
				5B4808BC2617070600B3FEF9 /* ArticleRowView.swift */,
				5BF1DD4825498A5300B6182E /* Main.storyboard */,
				5BF1DD4B25498A5900B6182E /* Assets.xcassets */,
				5BF1DD4D25498A5900B6182E /* LaunchScreen.storyboard */,
				5BF1DD5025498A5900B6182E /* Info.plist */,
			);
			path = CultureTrip;
			sourceTree = "<group>";
		};
/* End PBXGroup section */

/* Begin PBXNativeTarget section */
		5BF1DD3E25498A5300B6182E /* CultureTrip */ = {
			isa = PBXNativeTarget;
			buildConfigurationList = 5BF1DD5325498A5900B6182E /* Build configuration list for PBXNativeTarget "CultureTrip" */;
			buildPhases = (
				5BF1DD3B25498A5300B6182E /* Sources */,
				5BF1DD3C25498A5300B6182E /* Frameworks */,
				5BF1DD3D25498A5300B6182E /* Resources */,
			);
			buildRules = (
			);
			dependencies = (
			);
			name = CultureTrip;
			productName = CultureTrip;
			productReference = 5BF1DD3F25498A5300B6182E /* CultureTrip.app */;
			productType = "com.apple.product-type.application";
		};
/* End PBXNativeTarget section */

/* Begin PBXProject section */
		5BF1DD3725498A5300B6182E /* Project object */ = {
			isa = PBXProject;
			attributes = {
				LastSwiftUpdateCheck = 1210;
				LastUpgradeCheck = 1210;
				TargetAttributes = {
					5BF1DD3E25498A5300B6182E = {
						CreatedOnToolsVersion = 12.1;
					};
				};
			};
			buildConfigurationList = 5BF1DD3A25498A5300B6182E /* Build configuration list for PBXProject "CultureTrip" */;
			compatibilityVersion = "Xcode 9.3";
			developmentRegion = en;
			hasScannedForEncodings = 0;
			knownRegions = (
				en,
				Base,
			);
			mainGroup = 5BF1DD3625498A5300B6182E;
			productRefGroup = 5BF1DD4025498A5300B6182E /* Products */;
			projectDirPath = "";
			projectRoot = "";
			targets = (
				5BF1DD3E25498A5300B6182E /* CultureTrip */,
			);
		};
/* End PBXProject section */

/* Begin PBXResourcesBuildPhase section */
		5BF1DD3D25498A5300B6182E /* Resources */ = {
			isa = PBXResourcesBuildPhase;
			buildActionMask = 2147483647;
			files = (
				5BF1DD4F25498A5900B6182E /* LaunchScreen.storyboard in Resources */,
				5BF1DD4C25498A5900B6182E /* Assets.xcassets in Resources */,
				5BF1DD4A25498A5300B6182E /* Main.storyboard in Resources */,
			);
			runOnlyForDeploymentPostprocessing = 0;
		};
/* End PBXResourcesBuildPhase section */

/* Begin PBXSourcesBuildPhase section */
		5BF1DD3B25498A5300B6182E /* Sources */ = {
			isa = PBXSourcesBuildPhase;
			buildActionMask = 2147483647;
			files = (
				5BF1DD4725498A5300B6182E /* MainViewController.swift in Sources */,
				5B4808BD2617070600B3FEF9 /* ArticleRowView.swift in Sources */,
				5BF1DD5925498BFA00B6182E /* ArticlesViewController.swift in Sources */,
				5BF1DD4325498A5300B6182E /* AppDelegate.swift in Sources */,
				5BF1DD652549AAE700B6182E /* ArticleCollectionViewCell.swift in Sources */,
				5BF1DD4525498A5300B6182E /* SceneDelegate.swift in Sources */,
				5BF1DD5F25498DC700B6182E /* Article.swift in Sources */,
				5B4808C1261714C100B3FEF9 /* ArticlesView.swift in Sources */,
			);
			runOnlyForDeploymentPostprocessing = 0;
		};
/* End PBXSourcesBuildPhase section */

/* Begin PBXVariantGroup section */
		5BF1DD4825498A5300B6182E /* Main.storyboard */ = {
			isa = PBXVariantGroup;
			children = (
				5BF1DD4925498A5300B6182E /* Base */,
			);
			name = Main.storyboard;
			sourceTree = "<group>";
		};
		5BF1DD4D25498A5900B6182E /* LaunchScreen.storyboard */ = {
			isa = PBXVariantGroup;
			children = (
				5BF1DD4E25498A5900B6182E /* Base */,
			);
			name = LaunchScreen.storyboard;
			sourceTree = "<group>";
		};
/* End PBXVariantGroup section */

/* Begin XCBuildConfiguration section */
		5BF1DD5125498A5900B6182E /* Debug */ = {
			isa = XCBuildConfiguration;
			buildSettings = {
				ALWAYS_SEARCH_USER_PATHS = NO;
				CLANG_ANALYZER_NONNULL = YES;
				CLANG_ANALYZER_NUMBER_OBJECT_CONVERSION = YES_AGGRESSIVE;
				CLANG_CXX_LANGUAGE_STANDARD = "gnu++14";
				CLANG_CXX_LIBRARY = "libc++";
				CLANG_ENABLE_MODULES = YES;
				CLANG_ENABLE_OBJC_ARC = YES;
				CLANG_ENABLE_OBJC_WEAK = YES;
				CLANG_WARN_BLOCK_CAPTURE_AUTORELEASING = YES;
				CLANG_WARN_BOOL_CONVERSION = YES;
				CLANG_WARN_COMMA = YES;
				CLANG_WARN_CONSTANT_CONVERSION = YES;
				CLANG_WARN_DEPRECATED_OBJC_IMPLEMENTATIONS = YES;
				CLANG_WARN_DIRECT_OBJC_ISA_USAGE = YES_ERROR;
				CLANG_WARN_DOCUMENTATION_COMMENTS = YES;
				CLANG_WARN_EMPTY_BODY = YES;
				CLANG_WARN_ENUM_CONVERSION = YES;
				CLANG_WARN_INFINITE_RECURSION = YES;
				CLANG_WARN_INT_CONVERSION = YES;
				CLANG_WARN_NON_LITERAL_NULL_CONVERSION = YES;
				CLANG_WARN_OBJC_IMPLICIT_RETAIN_SELF = YES;
				CLANG_WARN_OBJC_LITERAL_CONVERSION = YES;
				CLANG_WARN_OBJC_ROOT_CLASS = YES_ERROR;
				CLANG_WARN_QUOTED_INCLUDE_IN_FRAMEWORK_HEADER = YES;
				CLANG_WARN_RANGE_LOOP_ANALYSIS = YES;
				CLANG_WARN_STRICT_PROTOTYPES = YES;
				CLANG_WARN_SUSPICIOUS_MOVE = YES;
				CLANG_WARN_UNGUARDED_AVAILABILITY = YES_AGGRESSIVE;
				CLANG_WARN_UNREACHABLE_CODE = YES;
				CLANG_WARN__DUPLICATE_METHOD_MATCH = YES;
				COPY_PHASE_STRIP = NO;
				DEBUG_INFORMATION_FORMAT = dwarf;
				ENABLE_STRICT_OBJC_MSGSEND = YES;
				ENABLE_TESTABILITY = YES;
				GCC_C_LANGUAGE_STANDARD = gnu11;
				GCC_DYNAMIC_NO_PIC = NO;
				GCC_NO_COMMON_BLOCKS = YES;
				GCC_OPTIMIZATION_LEVEL = 0;
				GCC_PREPROCESSOR_DEFINITIONS = (
					"DEBUG=1",
					"$(inherited)",
				);
				GCC_WARN_64_TO_32_BIT_CONVERSION = YES;
				GCC_WARN_ABOUT_RETURN_TYPE = YES_ERROR;
				GCC_WARN_UNDECLARED_SELECTOR = YES;
				GCC_WARN_UNINITIALIZED_AUTOS = YES_AGGRESSIVE;
				GCC_WARN_UNUSED_FUNCTION = YES;
				GCC_WARN_UNUSED_VARIABLE = YES;
				IPHONEOS_DEPLOYMENT_TARGET = 14.1;
				MTL_ENABLE_DEBUG_INFO = INCLUDE_SOURCE;
				MTL_FAST_MATH = YES;
				ONLY_ACTIVE_ARCH = YES;
				SDKROOT = iphoneos;
				SWIFT_ACTIVE_COMPILATION_CONDITIONS = DEBUG;
				SWIFT_OPTIMIZATION_LEVEL = "-Onone";
			};
			name = Debug;
		};
		5BF1DD5225498A5900B6182E /* Release */ = {
			isa = XCBuildConfiguration;
			buildSettings = {
				ALWAYS_SEARCH_USER_PATHS = NO;
				CLANG_ANALYZER_NONNULL = YES;
				CLANG_ANALYZER_NUMBER_OBJECT_CONVERSION = YES_AGGRESSIVE;
				CLANG_CXX_LANGUAGE_STANDARD = "gnu++14";
				CLANG_CXX_LIBRARY = "libc++";
				CLANG_ENABLE_MODULES = YES;
				CLANG_ENABLE_OBJC_ARC = YES;
				CLANG_ENABLE_OBJC_WEAK = YES;
				CLANG_WARN_BLOCK_CAPTURE_AUTORELEASING = YES;
				CLANG_WARN_BOOL_CONVERSION = YES;
				CLANG_WARN_COMMA = YES;
				CLANG_WARN_CONSTANT_CONVERSION = YES;
				CLANG_WARN_DEPRECATED_OBJC_IMPLEMENTATIONS = YES;
				CLANG_WARN_DIRECT_OBJC_ISA_USAGE = YES_ERROR;
				CLANG_WARN_DOCUMENTATION_COMMENTS = YES;
				CLANG_WARN_EMPTY_BODY = YES;
				CLANG_WARN_ENUM_CONVERSION = YES;
				CLANG_WARN_INFINITE_RECURSION = YES;
				CLANG_WARN_INT_CONVERSION = YES;
				CLANG_WARN_NON_LITERAL_NULL_CONVERSION = YES;
				CLANG_WARN_OBJC_IMPLICIT_RETAIN_SELF = YES;
				CLANG_WARN_OBJC_LITERAL_CONVERSION = YES;
				CLANG_WARN_OBJC_ROOT_CLASS = YES_ERROR;
				CLANG_WARN_QUOTED_INCLUDE_IN_FRAMEWORK_HEADER = YES;
				CLANG_WARN_RANGE_LOOP_ANALYSIS = YES;
				CLANG_WARN_STRICT_PROTOTYPES = YES;
				CLANG_WARN_SUSPICIOUS_MOVE = YES;
				CLANG_WARN_UNGUARDED_AVAILABILITY = YES_AGGRESSIVE;
				CLANG_WARN_UNREACHABLE_CODE = YES;
				CLANG_WARN__DUPLICATE_METHOD_MATCH = YES;
				COPY_PHASE_STRIP = NO;
				DEBUG_INFORMATION_FORMAT = "dwarf-with-dsym";
				ENABLE_NS_ASSERTIONS = NO;
				ENABLE_STRICT_OBJC_MSGSEND = YES;
				GCC_C_LANGUAGE_STANDARD = gnu11;
				GCC_NO_COMMON_BLOCKS = YES;
				GCC_WARN_64_TO_32_BIT_CONVERSION = YES;
				GCC_WARN_ABOUT_RETURN_TYPE = YES_ERROR;
				GCC_WARN_UNDECLARED_SELECTOR = YES;
				GCC_WARN_UNINITIALIZED_AUTOS = YES_AGGRESSIVE;
				GCC_WARN_UNUSED_FUNCTION = YES;
				GCC_WARN_UNUSED_VARIABLE = YES;
				IPHONEOS_DEPLOYMENT_TARGET = 14.1;
				MTL_ENABLE_DEBUG_INFO = NO;
				MTL_FAST_MATH = YES;
				SDKROOT = iphoneos;
				SWIFT_COMPILATION_MODE = wholemodule;
				SWIFT_OPTIMIZATION_LEVEL = "-O";
				VALIDATE_PRODUCT = YES;
			};
			name = Release;
		};
		5BF1DD5425498A5900B6182E /* Debug */ = {
			isa = XCBuildConfiguration;
			buildSettings = {
				ASSETCATALOG_COMPILER_APPICON_NAME = AppIcon;
				ASSETCATALOG_COMPILER_GLOBAL_ACCENT_COLOR_NAME = AccentColor;
				CODE_SIGN_STYLE = Automatic;
				DEVELOPMENT_TEAM = LWC7S9F6VV;
				INFOPLIST_FILE = CultureTrip/Info.plist;
				IPHONEOS_DEPLOYMENT_TARGET = 14.1;
				LD_RUNPATH_SEARCH_PATHS = (
					"$(inherited)",
					"@executable_path/Frameworks",
				);
				PRODUCT_BUNDLE_IDENTIFIER = com.niazoff.CultureTrip;
				PRODUCT_NAME = "$(TARGET_NAME)";
				SWIFT_VERSION = 5.0;
				TARGETED_DEVICE_FAMILY = 1;
			};
			name = Debug;
		};
		5BF1DD5525498A5900B6182E /* Release */ = {
			isa = XCBuildConfiguration;
			buildSettings = {
				ASSETCATALOG_COMPILER_APPICON_NAME = AppIcon;
				ASSETCATALOG_COMPILER_GLOBAL_ACCENT_COLOR_NAME = AccentColor;
				CODE_SIGN_STYLE = Automatic;
				DEVELOPMENT_TEAM = LWC7S9F6VV;
				INFOPLIST_FILE = CultureTrip/Info.plist;
				IPHONEOS_DEPLOYMENT_TARGET = 14.1;
				LD_RUNPATH_SEARCH_PATHS = (
					"$(inherited)",
					"@executable_path/Frameworks",
				);
				PRODUCT_BUNDLE_IDENTIFIER = com.niazoff.CultureTrip;
				PRODUCT_NAME = "$(TARGET_NAME)";
				SWIFT_VERSION = 5.0;
				TARGETED_DEVICE_FAMILY = 1;
			};
			name = Release;
		};
/* End XCBuildConfiguration section */

/* Begin XCConfigurationList section */
		5BF1DD3A25498A5300B6182E /* Build configuration list for PBXProject "CultureTrip" */ = {
			isa = XCConfigurationList;
			buildConfigurations = (
				5BF1DD5125498A5900B6182E /* Debug */,
				5BF1DD5225498A5900B6182E /* Release */,
			);
			defaultConfigurationIsVisible = 0;
			defaultConfigurationName = Release;
		};
		5BF1DD5325498A5900B6182E /* Build configuration list for PBXNativeTarget "CultureTrip" */ = {
			isa = XCConfigurationList;
			buildConfigurations = (
				5BF1DD5425498A5900B6182E /* Debug */,
				5BF1DD5525498A5900B6182E /* Release */,
			);
			defaultConfigurationIsVisible = 0;
			defaultConfigurationName = Release;
		};
/* End XCConfigurationList section */
	};
	rootObject = 5BF1DD3725498A5300B6182E /* Project object */;
}
